
Microsoft Visual Studio Solution File, Format Version 12.00
# Visual Studio 2013
VisualStudioVersion = 12.0.21005.1
MinimumVisualStudioVersion = 10.0.40219.1
Project("{FAE04EC0-301F-11D3-BF4B-00C04F79EFBC}") = "SSTodoc", "SSTodoc\SSTodoc.csproj", "{EB82330E-2F15-4E21-9236-6C38A9458CF0}"
EndProject
Project("{FAE04EC0-301F-11D3-BF4B-00C04F79EFBC}") = "RestTodoc.IntegrationTest", "RestTodoc.IntegrationTest\RestTodoc.IntegrationTest.csproj", "{682E1C49-C49E-4E5F-ACC9-7452402A6AD8}"
EndProject
Project("{FAE04EC0-301F-11D3-BF4B-00C04F79EFBC}") = "RestTodoc.ServiceInterface", "RestTodoc.ServiceInterface\RestTodoc.ServiceInterface.csproj", "{63F94B81-0BE5-43E6-8DCA-B49ECFE61BBB}"
EndProject
Project("{FAE04EC0-301F-11D3-BF4B-00C04F79EFBC}") = "RestTodoc.ServiceModel", "RestTodoc.ServiceModel\RestTodoc.ServiceModel.csproj", "{7413D7B5-E6B1-4F43-95EF-EA09E5A64BD2}"
EndProject
Global
	GlobalSection(SolutionConfigurationPlatforms) = preSolution
		Debug|Any CPU = Debug|Any CPU
		Release|Any CPU = Release|Any CPU
	EndGlobalSection
	GlobalSection(ProjectConfigurationPlatforms) = postSolution
		{EB82330E-2F15-4E21-9236-6C38A9458CF0}.Debug|Any CPU.ActiveCfg = Debug|Any CPU
		{EB82330E-2F15-4E21-9236-6C38A9458CF0}.Debug|Any CPU.Build.0 = Debug|Any CPU
		{EB82330E-2F15-4E21-9236-6C38A9458CF0}.Release|Any CPU.ActiveCfg = Release|Any CPU
		{EB82330E-2F15-4E21-9236-6C38A9458CF0}.Release|Any CPU.Build.0 = Release|Any CPU
		{682E1C49-C49E-4E5F-ACC9-7452402A6AD8}.Debug|Any CPU.ActiveCfg = Debug|Any CPU
		{682E1C49-C49E-4E5F-ACC9-7452402A6AD8}.Debug|Any CPU.Build.0 = Debug|Any CPU
		{682E1C49-C49E-4E5F-ACC9-7452402A6AD8}.Release|Any CPU.ActiveCfg = Release|Any CPU
		{682E1C49-C49E-4E5F-ACC9-7452402A6AD8}.Release|Any CPU.Build.0 = Release|Any CPU
		{63F94B81-0BE5-43E6-8DCA-B49ECFE61BBB}.Debug|Any CPU.ActiveCfg = Debug|Any CPU
		{63F94B81-0BE5-43E6-8DCA-B49ECFE61BBB}.Debug|Any CPU.Build.0 = Debug|Any CPU
		{63F94B81-0BE5-43E6-8DCA-B49ECFE61BBB}.Release|Any CPU.ActiveCfg = Release|Any CPU
		{63F94B81-0BE5-43E6-8DCA-B49ECFE61BBB}.Release|Any CPU.Build.0 = Release|Any CPU
		{7413D7B5-E6B1-4F43-95EF-EA09E5A64BD2}.Debug|Any CPU.ActiveCfg = Debug|Any CPU
		{7413D7B5-E6B1-4F43-95EF-EA09E5A64BD2}.Debug|Any CPU.Build.0 = Debug|Any CPU
		{7413D7B5-E6B1-4F43-95EF-EA09E5A64BD2}.Release|Any CPU.ActiveCfg = Release|Any CPU
		{7413D7B5-E6B1-4F43-95EF-EA09E5A64BD2}.Release|Any CPU.Build.0 = Release|Any CPU
	EndGlobalSection
	GlobalSection(SolutionProperties) = preSolution
		HideSolutionNode = FALSE
	EndGlobalSection
EndGlobal
